
Microsoft Visual Studio Solution File, Format Version 12.00
# Visual Studio Version 16
VisualStudioVersion = 16.0.31313.79
MinimumVisualStudioVersion = 10.0.40219.1
Project("{FAE04EC0-301F-11D3-BF4B-00C04F79EFBC}") = "AthleteApplication", "AthleteApplication.csproj", "{4BF4F194-08D0-4874-ADA4-69FEA2AEAABC}"
EndProject
Global
	GlobalSection(SolutionConfigurationPlatforms) = preSolution
		Debug|Any CPU = Debug|Any CPU
		Release|Any CPU = Release|Any CPU
	EndGlobalSection
	GlobalSection(ProjectConfigurationPlatforms) = postSolution
		{4BF4F194-08D0-4874-ADA4-69FEA2AEAABC}.Debug|Any CPU.ActiveCfg = Debug|Any CPU
		{4BF4F194-08D0-4874-ADA4-69FEA2AEAABC}.Debug|Any CPU.Build.0 = Debug|Any CPU
		{4BF4F194-08D0-4874-ADA4-69FEA2AEAABC}.Release|Any CPU.ActiveCfg = Release|Any CPU
		{4BF4F194-08D0-4874-ADA4-69FEA2AEAABC}.Release|Any CPU.Build.0 = Release|Any CPU
	EndGlobalSection
	GlobalSection(SolutionProperties) = preSolution
		HideSolutionNode = FALSE
	EndGlobalSection
	GlobalSection(ExtensibilityGlobals) = postSolution
		SolutionGuid = {BA6A4FBC-522C-4111-97E7-16AE2254F561}
	EndGlobalSection
EndGlobal
